{
  "name": "collaedit",
  "lockfileVersion": 2,
  "requires": true,
  "packages": {
    "": {
      "dependencies": {
        "neovis.js": "^2.1.0"
      }
    },
    "node_modules/@babel/runtime": {
      "version": "7.24.4",
      "resolved": "https://registry.npmmirror.com/@babel/runtime/-/runtime-7.24.4.tgz",
      "integrity": "sha512-dkxf7+hn8mFBwKjs9bvBlArzLVxVbS8usaPUDd5p2a9JCL9tB8OaOVN1isD4+Xyk4ns89/xeOmbQvgdK7IIVdA==",
      "dependencies": {
        "regenerator-runtime": "^0.14.0"
      },
      "engines": {
        "node": ">=6.9.0"
      }
    },
    "node_modules/@babel/runtime-corejs3": {
      "version": "7.24.4",
      "resolved": "https://registry.npmmirror.com/@babel/runtime-corejs3/-/runtime-corejs3-7.24.4.tgz",
      "integrity": "sha512-VOQOexSilscN24VEY810G/PqtpFvx/z6UqDIjIWbDe2368HhDLkYN5TYwaEz/+eRCUkhJ2WaNLLmQAlxzfWj4w==",
      "dependencies": {
        "core-js-pure": "^3.30.2",
        "regenerator-runtime": "^0.14.0"
      },
      "engines": {
        "node": ">=6.9.0"
      }
    },
    "node_modules/@egjs/hammerjs": {
      "version": "2.0.17",
      "resolved": "https://registry.npmmirror.com/@egjs/hammerjs/-/hammerjs-2.0.17.tgz",
      "integrity": "sha512-XQsZgjm2EcVUiZQf11UBJQfmZeEmOW8DpI1gsFeln6w0ae0ii4dMQEQ0kjl6DspdWX1aGY1/loyXnP0JS06e/A==",
      "peer": true,
      "dependencies": {
        "@types/hammerjs": "^2.0.36"
      },
      "engines": {
        "node": ">=0.8.0"
      }
    },
    "node_modules/@types/hammerjs": {
      "version": "2.0.45",
      "resolved": "https://registry.npmmirror.com/@types/hammerjs/-/hammerjs-2.0.45.tgz",
      "integrity": "sha512-qkcUlZmX6c4J8q45taBKTL3p+LbITgyx7qhlPYOdOHZB7B31K0mXbP5YA7i7SgDeEGuI9MnumiKPEMrxg8j3KQ==",
      "peer": true
    },
    "node_modules/base64-js": {
      "version": "1.5.1",
      "resolved": "https://registry.npmmirror.com/base64-js/-/base64-js-1.5.1.tgz",
      "integrity": "sha512-AKpaYlHn8t4SVbOHCy+b5+KKgvR4vrsD8vbvrbiQJps7fKDTkjkDry6ji0rUJjC0kzbNePLwzxq8iypo41qeWA=="
    },
    "node_modules/buffer": {
      "version": "6.0.3",
      "resolved": "https://registry.npmmirror.com/buffer/-/buffer-6.0.3.tgz",
      "integrity": "sha512-FTiCpNxtwiZZHEZbcbTIcZjERVICn9yq/pDFkTl95/AxzD1naBctN7YO68riM/gLSDY7sdrMby8hofADYuuqOA==",
      "dependencies": {
        "base64-js": "^1.3.1",
        "ieee754": "^1.2.1"
      }
    },
    "node_modules/component-emitter": {
      "version": "1.3.1",
      "resolved": "https://registry.npmmirror.com/component-emitter/-/component-emitter-1.3.1.tgz",
      "integrity": "sha512-T0+barUSQRTUQASh8bx02dl+DhF54GtIDY13Y3m9oWTklKbb3Wv974meRpeZ3lp1JpLVECWWNHC4vaG2XHXouQ==",
      "peer": true
    },
    "node_modules/core-js-pure": {
      "version": "3.37.0",
      "resolved": "https://registry.npmmirror.com/core-js-pure/-/core-js-pure-3.37.0.tgz",
      "integrity": "sha512-d3BrpyFr5eD4KcbRvQ3FTUx/KWmaDesr7+a3+1+P46IUnNoEt+oiLijPINZMEon7w9oGkIINWxrBAU9DEciwFQ==",
      "hasInstallScript": true
    },
    "node_modules/deepmerge": {
      "version": "4.3.1",
      "resolved": "https://registry.npmmirror.com/deepmerge/-/deepmerge-4.3.1.tgz",
      "integrity": "sha512-3sUqbMEc77XqpdNO7FRyRog+eW3ph+GYCbj+rK+uYyRMuwsVy0rMiVtPn+QJlKFvWP/1PYpapqYn0Me2knFn+A==",
      "engines": {
        "node": ">=0.10.0"
      }
    },
    "node_modules/ieee754": {
      "version": "1.2.1",
      "resolved": "https://registry.npmmirror.com/ieee754/-/ieee754-1.2.1.tgz",
      "integrity": "sha512-dcyqhDvX1C46lXZcVqCpK+FtMRQVdIMN6/Df5js2zouUsqG7I6sFxitIC+7KYK29KdXOLHdu9zL4sFnoVQnqaA=="
    },
    "node_modules/keycharm": {
      "version": "0.4.0",
      "resolved": "https://registry.npmmirror.com/keycharm/-/keycharm-0.4.0.tgz",
      "integrity": "sha512-TyQTtsabOVv3MeOpR92sIKk/br9wxS+zGj4BG7CR8YbK4jM3tyIBaF0zhzeBUMx36/Q/iQLOKKOT+3jOQtemRQ==",
      "peer": true
    },
    "node_modules/neo4j-driver": {
      "version": "4.4.11",
      "resolved": "https://registry.npmmirror.com/neo4j-driver/-/neo4j-driver-4.4.11.tgz",
      "integrity": "sha512-1dhThyuNZt4FIwAlmzsbYNnSn28avjO2TVairuFO3P/aql5iPnwTNGmQJc/MB8BlrzDhOo1+jfAO4pc49XHh1Q==",
      "dependencies": {
        "@babel/runtime": "^7.5.5",
        "neo4j-driver-bolt-connection": "4.4.11",
        "neo4j-driver-core": "4.4.11",
        "rxjs": "^6.6.3"
      }
    },
    "node_modules/neo4j-driver-bolt-connection": {
      "version": "4.4.11",
      "resolved": "https://registry.npmmirror.com/neo4j-driver-bolt-connection/-/neo4j-driver-bolt-connection-4.4.11.tgz",
      "integrity": "sha512-2sCgx3Lpg7fnYAU/kb9wOKY8ResUeur88MhLNUWyINxa+CMP7aB+t70zBcOlJ7hcCf6ghEiz6ZXhd9WikGW9bA==",
      "dependencies": {
        "buffer": "^6.0.3",
        "neo4j-driver-core": "4.4.11",
        "string_decoder": "^1.3.0"
      }
    },
    "node_modules/neo4j-driver-core": {
      "version": "4.4.11",
      "resolved": "https://registry.npmmirror.com/neo4j-driver-core/-/neo4j-driver-core-4.4.11.tgz",
      "integrity": "sha512-7+7Ue9RNsg5TAwkPvl4/st2ZdktN3qH8A/MYmJkZ6Ait8MuXP8ppTvZ3ugPxbrSOJEwvZYpKqV+FNZ17mOSfcQ=="
    },
    "node_modules/neovis.js": {
      "version": "2.1.0",
      "resolved": "https://registry.npmmirror.com/neovis.js/-/neovis.js-2.1.0.tgz",
      "integrity": "sha512-Xceu1qcxbDy7BtYnARl6URp8rArVwJBR9lJHvswdIG6a/BCaMBJzc7UtWU8fQGObrwkKhams6kZIFl4iBIMEjg==",
      "dependencies": {
        "@babel/runtime-corejs3": "^7.21.5",
        "deepmerge": "^4.3.1",
        "neo4j-driver": "^4.4.6",
        "neo4j-driver-core": "^4.4.6",
        "vis-network": "^9.1.6"
      }
    },
    "node_modules/regenerator-runtime": {
      "version": "0.14.1",
      "resolved": "https://registry.npmmirror.com/regenerator-runtime/-/regenerator-runtime-0.14.1.tgz",
      "integrity": "sha512-dYnhHh0nJoMfnkZs6GmmhFknAGRrLznOu5nc9ML+EJxGvrx6H7teuevqVqCuPcPK//3eDrrjQhehXVx9cnkGdw=="
    },
    "node_modules/rxjs": {
      "version": "6.6.7",
      "resolved": "https://registry.npmmirror.com/rxjs/-/rxjs-6.6.7.tgz",
      "integrity": "sha512-hTdwr+7yYNIT5n4AMYp85KA6yw2Va0FLa3Rguvbpa4W3I5xynaBZo41cM3XM+4Q6fRMj3sBYIR1VAmZMXYJvRQ==",
      "dependencies": {
        "tslib": "^1.9.0"
      },
      "engines": {
        "npm": ">=2.0.0"
      }
    },
    "node_modules/safe-buffer": {
      "version": "5.2.1",
      "resolved": "https://registry.npmmirror.com/safe-buffer/-/safe-buffer-5.2.1.tgz",
      "integrity": "sha512-rp3So07KcdmmKbGvgaNxQSJr7bGVSVk5S9Eq1F+ppbRo70+YeaDxkw5Dd8NPN+GD6bjnYm2VuPuCXmpuYvmCXQ=="
    },
    "node_modules/string_decoder": {
      "version": "1.3.0",
      "resolved": "https://registry.npmmirror.com/string_decoder/-/string_decoder-1.3.0.tgz",
      "integrity": "sha512-hkRX8U1WjJFd8LsDJ2yQ/wWWxaopEsABU1XfkM8A+j0+85JAGppt16cr1Whg6KIbb4okU6Mql6BOj+uup/wKeA==",
      "dependencies": {
        "safe-buffer": "~5.2.0"
      }
    },
    "node_modules/tslib": {
      "version": "1.14.1",
      "resolved": "https://registry.npmmirror.com/tslib/-/tslib-1.14.1.tgz",
      "integrity": "sha512-Xni35NKzjgMrwevysHTCArtLDpPvye8zV/0E4EyYn43P7/7qvQwPh9BGkHewbMulVntbigmcT7rdX3BNo9wRJg=="
    },
    "node_modules/uuid": {
      "version": "9.0.1",
      "resolved": "https://registry.npmmirror.com/uuid/-/uuid-9.0.1.tgz",
      "integrity": "sha512-b+1eJOlsR9K8HJpow9Ok3fiWOWSIcIzXodvv0rQjVoOVNpWMpxf1wZNpt4y9h10odCNrqnYp1OBzRktckBe3sA==",
      "peer": true,
      "bin": {
        "uuid": "dist/bin/uuid"
      }
    },
    "node_modules/vis-data": {
      "version": "7.1.9",
      "resolved": "https://registry.npmmirror.com/vis-data/-/vis-data-7.1.9.tgz",
      "integrity": "sha512-COQsxlVrmcRIbZMMTYwD+C2bxYCFDNQ2EHESklPiInbD/Pk3JZ6qNL84Bp9wWjYjAzXfSlsNaFtRk+hO9yBPWA==",
      "peer": true,
      "peerDependencies": {
        "uuid": "^3.4.0 || ^7.0.0 || ^8.0.0 || ^9.0.0",
        "vis-util": "^5.0.1"
      }
    },
    "node_modules/vis-network": {
      "version": "9.1.9",
      "resolved": "https://registry.npmmirror.com/vis-network/-/vis-network-9.1.9.tgz",
      "integrity": "sha512-Ft+hLBVyiLstVYSb69Q1OIQeh3FeUxHJn0WdFcq+BFPqs+Vq1ibMi2sb//cxgq1CP7PH4yOXnHxEH/B2VzpZYA==",
      "peerDependencies": {
        "@egjs/hammerjs": "^2.0.0",
        "component-emitter": "^1.3.0",
        "keycharm": "^0.2.0 || ^0.3.0 || ^0.4.0",
        "uuid": "^3.4.0 || ^7.0.0 || ^8.0.0 || ^9.0.0",
        "vis-data": "^6.3.0 || ^7.0.0",
        "vis-util": "^5.0.1"
      }
    },
    "node_modules/vis-util": {
      "version": "5.0.7",
      "resolved": "https://registry.npmmirror.com/vis-util/-/vis-util-5.0.7.tgz",
      "integrity": "sha512-E3L03G3+trvc/X4LXvBfih3YIHcKS2WrP0XTdZefr6W6Qi/2nNCqZfe4JFfJU6DcQLm6Gxqj2Pfl+02859oL5A==",
      "peer": true,
      "engines": {
        "node": ">=8"
      },
      "peerDependencies": {
        "@egjs/hammerjs": "^2.0.0",
        "component-emitter": "^1.3.0 || ^2.0.0"
      }
    }
  },
  "dependencies": {
    "@babel/runtime": {
      "version": "7.24.4",
      "resolved": "https://registry.npmmirror.com/@babel/runtime/-/runtime-7.24.4.tgz",
      "integrity": "sha512-dkxf7+hn8mFBwKjs9bvBlArzLVxVbS8usaPUDd5p2a9JCL9tB8OaOVN1isD4+Xyk4ns89/xeOmbQvgdK7IIVdA==",
      "requires": {
        "regenerator-runtime": "^0.14.0"
      }
    },
    "@babel/runtime-corejs3": {
      "version": "7.24.4",
      "resolved": "https://registry.npmmirror.com/@babel/runtime-corejs3/-/runtime-corejs3-7.24.4.tgz",
      "integrity": "sha512-VOQOexSilscN24VEY810G/PqtpFvx/z6UqDIjIWbDe2368HhDLkYN5TYwaEz/+eRCUkhJ2WaNLLmQAlxzfWj4w==",
      "requires": {
        "core-js-pure": "^3.30.2",
        "regenerator-runtime": "^0.14.0"
      }
    },
    "@egjs/hammerjs": {
      "version": "2.0.17",
      "resolved": "https://registry.npmmirror.com/@egjs/hammerjs/-/hammerjs-2.0.17.tgz",
      "integrity": "sha512-XQsZgjm2EcVUiZQf11UBJQfmZeEmOW8DpI1gsFeln6w0ae0ii4dMQEQ0kjl6DspdWX1aGY1/loyXnP0JS06e/A==",
      "peer": true,
      "requires": {
        "@types/hammerjs": "^2.0.36"
      }
    },
    "@types/hammerjs": {
      "version": "2.0.45",
      "resolved": "https://registry.npmmirror.com/@types/hammerjs/-/hammerjs-2.0.45.tgz",
      "integrity": "sha512-qkcUlZmX6c4J8q45taBKTL3p+LbITgyx7qhlPYOdOHZB7B31K0mXbP5YA7i7SgDeEGuI9MnumiKPEMrxg8j3KQ==",
      "peer": true
    },
    "base64-js": {
      "version": "1.5.1",
      "resolved": "https://registry.npmmirror.com/base64-js/-/base64-js-1.5.1.tgz",
      "integrity": "sha512-AKpaYlHn8t4SVbOHCy+b5+KKgvR4vrsD8vbvrbiQJps7fKDTkjkDry6ji0rUJjC0kzbNePLwzxq8iypo41qeWA=="
    },
    "buffer": {
      "version": "6.0.3",
      "resolved": "https://registry.npmmirror.com/buffer/-/buffer-6.0.3.tgz",
      "integrity": "sha512-FTiCpNxtwiZZHEZbcbTIcZjERVICn9yq/pDFkTl95/AxzD1naBctN7YO68riM/gLSDY7sdrMby8hofADYuuqOA==",
      "requires": {
        "base64-js": "^1.3.1",
        "ieee754": "^1.2.1"
      }
    },
    "component-emitter": {
      "version": "1.3.1",
      "resolved": "https://registry.npmmirror.com/component-emitter/-/component-emitter-1.3.1.tgz",
      "integrity": "sha512-T0+barUSQRTUQASh8bx02dl+DhF54GtIDY13Y3m9oWTklKbb3Wv974meRpeZ3lp1JpLVECWWNHC4vaG2XHXouQ==",
      "peer": true
    },
    "core-js-pure": {
      "version": "3.37.0",
      "resolved": "https://registry.npmmirror.com/core-js-pure/-/core-js-pure-3.37.0.tgz",
      "integrity": "sha512-d3BrpyFr5eD4KcbRvQ3FTUx/KWmaDesr7+a3+1+P46IUnNoEt+oiLijPINZMEon7w9oGkIINWxrBAU9DEciwFQ=="
    },
    "deepmerge": {
      "version": "4.3.1",
      "resolved": "https://registry.npmmirror.com/deepmerge/-/deepmerge-4.3.1.tgz",
      "integrity": "sha512-3sUqbMEc77XqpdNO7FRyRog+eW3ph+GYCbj+rK+uYyRMuwsVy0rMiVtPn+QJlKFvWP/1PYpapqYn0Me2knFn+A=="
    },
    "ieee754": {
      "version": "1.2.1",
      "resolved": "https://registry.npmmirror.com/ieee754/-/ieee754-1.2.1.tgz",
      "integrity": "sha512-dcyqhDvX1C46lXZcVqCpK+FtMRQVdIMN6/Df5js2zouUsqG7I6sFxitIC+7KYK29KdXOLHdu9zL4sFnoVQnqaA=="
    },
    "keycharm": {
      "version": "0.4.0",
      "resolved": "https://registry.npmmirror.com/keycharm/-/keycharm-0.4.0.tgz",
      "integrity": "sha512-TyQTtsabOVv3MeOpR92sIKk/br9wxS+zGj4BG7CR8YbK4jM3tyIBaF0zhzeBUMx36/Q/iQLOKKOT+3jOQtemRQ==",
      "peer": true
    },
    "neo4j-driver": {
      "version": "4.4.11",
      "resolved": "https://registry.npmmirror.com/neo4j-driver/-/neo4j-driver-4.4.11.tgz",
      "integrity": "sha512-1dhThyuNZt4FIwAlmzsbYNnSn28avjO2TVairuFO3P/aql5iPnwTNGmQJc/MB8BlrzDhOo1+jfAO4pc49XHh1Q==",
      "requires": {
        "@babel/runtime": "^7.5.5",
        "neo4j-driver-bolt-connection": "4.4.11",
        "neo4j-driver-core": "4.4.11",
        "rxjs": "^6.6.3"
      }
    },
    "neo4j-driver-bolt-connection": {
      "version": "4.4.11",
      "resolved": "https://registry.npmmirror.com/neo4j-driver-bolt-connection/-/neo4j-driver-bolt-connection-4.4.11.tgz",
      "integrity": "sha512-2sCgx3Lpg7fnYAU/kb9wOKY8ResUeur88MhLNUWyINxa+CMP7aB+t70zBcOlJ7hcCf6ghEiz6ZXhd9WikGW9bA==",
      "requires": {
        "buffer": "^6.0.3",
        "neo4j-driver-core": "4.4.11",
        "string_decoder": "^1.3.0"
      }
    },
    "neo4j-driver-core": {
      "version": "4.4.11",
      "resolved": "https://registry.npmmirror.com/neo4j-driver-core/-/neo4j-driver-core-4.4.11.tgz",
      "integrity": "sha512-7+7Ue9RNsg5TAwkPvl4/st2ZdktN3qH8A/MYmJkZ6Ait8MuXP8ppTvZ3ugPxbrSOJEwvZYpKqV+FNZ17mOSfcQ=="
    },
    "neovis.js": {
      "version": "2.1.0",
      "resolved": "https://registry.npmmirror.com/neovis.js/-/neovis.js-2.1.0.tgz",
      "integrity": "sha512-Xceu1qcxbDy7BtYnARl6URp8rArVwJBR9lJHvswdIG6a/BCaMBJzc7UtWU8fQGObrwkKhams6kZIFl4iBIMEjg==",
      "requires": {
        "@babel/runtime-corejs3": "^7.21.5",
        "deepmerge": "^4.3.1",
        "neo4j-driver": "^4.4.6",
        "neo4j-driver-core": "^4.4.6",
        "vis-network": "^9.1.6"
      }
    },
    "regenerator-runtime": {
      "version": "0.14.1",
      "resolved": "https://registry.npmmirror.com/regenerator-runtime/-/regenerator-runtime-0.14.1.tgz",
      "integrity": "sha512-dYnhHh0nJoMfnkZs6GmmhFknAGRrLznOu5nc9ML+EJxGvrx6H7teuevqVqCuPcPK//3eDrrjQhehXVx9cnkGdw=="
    },
    "rxjs": {
      "version": "6.6.7",
      "resolved": "https://registry.npmmirror.com/rxjs/-/rxjs-6.6.7.tgz",
      "integrity": "sha512-hTdwr+7yYNIT5n4AMYp85KA6yw2Va0FLa3Rguvbpa4W3I5xynaBZo41cM3XM+4Q6fRMj3sBYIR1VAmZMXYJvRQ==",
      "requires": {
        "tslib": "^1.9.0"
      }
    },
    "safe-buffer": {
      "version": "5.2.1",
      "resolved": "https://registry.npmmirror.com/safe-buffer/-/safe-buffer-5.2.1.tgz",
      "integrity": "sha512-rp3So07KcdmmKbGvgaNxQSJr7bGVSVk5S9Eq1F+ppbRo70+YeaDxkw5Dd8NPN+GD6bjnYm2VuPuCXmpuYvmCXQ=="
    },
    "string_decoder": {
      "version": "1.3.0",
      "resolved": "https://registry.npmmirror.com/string_decoder/-/string_decoder-1.3.0.tgz",
      "integrity": "sha512-hkRX8U1WjJFd8LsDJ2yQ/wWWxaopEsABU1XfkM8A+j0+85JAGppt16cr1Whg6KIbb4okU6Mql6BOj+uup/wKeA==",
      "requires": {
        "safe-buffer": "~5.2.0"
      }
    },
    "tslib": {
      "version": "1.14.1",
      "resolved": "https://registry.npmmirror.com/tslib/-/tslib-1.14.1.tgz",
      "integrity": "sha512-Xni35NKzjgMrwevysHTCArtLDpPvye8zV/0E4EyYn43P7/7qvQwPh9BGkHewbMulVntbigmcT7rdX3BNo9wRJg=="
    },
    "uuid": {
      "version": "9.0.1",
      "resolved": "https://registry.npmmirror.com/uuid/-/uuid-9.0.1.tgz",
      "integrity": "sha512-b+1eJOlsR9K8HJpow9Ok3fiWOWSIcIzXodvv0rQjVoOVNpWMpxf1wZNpt4y9h10odCNrqnYp1OBzRktckBe3sA==",
      "peer": true
    },
    "vis-data": {
      "version": "7.1.9",
      "resolved": "https://registry.npmmirror.com/vis-data/-/vis-data-7.1.9.tgz",
      "integrity": "sha512-COQsxlVrmcRIbZMMTYwD+C2bxYCFDNQ2EHESklPiInbD/Pk3JZ6qNL84Bp9wWjYjAzXfSlsNaFtRk+hO9yBPWA==",
      "peer": true,
      "requires": {}
    },
    "vis-network": {
      "version": "9.1.9",
      "resolved": "https://registry.npmmirror.com/vis-network/-/vis-network-9.1.9.tgz",
      "integrity": "sha512-Ft+hLBVyiLstVYSb69Q1OIQeh3FeUxHJn0WdFcq+BFPqs+Vq1ibMi2sb//cxgq1CP7PH4yOXnHxEH/B2VzpZYA==",
      "requires": {}
    },
    "vis-util": {
      "version": "5.0.7",
      "resolved": "https://registry.npmmirror.com/vis-util/-/vis-util-5.0.7.tgz",
      "integrity": "sha512-E3L03G3+trvc/X4LXvBfih3YIHcKS2WrP0XTdZefr6W6Qi/2nNCqZfe4JFfJU6DcQLm6Gxqj2Pfl+02859oL5A==",
      "peer": true,
      "requires": {}
    }
  }
}
